
Microsoft Visual Studio Solution File, Format Version 12.00
# Visual Studio 15
VisualStudioVersion = 15.0.27703.2026
MinimumVisualStudioVersion = 10.0.40219.1
Project("{9A19103F-16F7-4668-BE54-9A1E7A4F7556}") = "GriffinPlus.Lib.Common", "src\GriffinPlus.Lib.Common\GriffinPlus.Lib.Common.csproj", "{DF54D759-C5FD-431F-A3C2-BD84FC6BA93C}"
EndProject
Project("{9A19103F-16F7-4668-BE54-9A1E7A4F7556}") = "GriffinPlus.Lib.Common.Tests", "src\GriffinPlus.Lib.Common.Tests\GriffinPlus.Lib.Common.Tests.csproj", "{AFFB8406-5D09-4D94-A234-464BE8120FB4}"
EndProject
Project("{2150E333-8FDC-42A3-9474-1A3956D46DE8}") = "Repository Files", "Repository Files", "{06970F0A-54D8-4B28-ADEC-C9C672BCB93B}"
	ProjectSection(SolutionItems) = preProject
		azure-pipelines.yml = azure-pipelines.yml
		LICENSE = LICENSE
		README.md = README.md
		THIRD-PARTY-NOTICES.md = THIRD-PARTY-NOTICES.md
	EndProjectSection
EndProject
Global
	GlobalSection(SolutionConfigurationPlatforms) = preSolution
		Debug|Any CPU = Debug|Any CPU
		Release|Any CPU = Release|Any CPU
	EndGlobalSection
	GlobalSection(ProjectConfigurationPlatforms) = postSolution
		{DF54D759-C5FD-431F-A3C2-BD84FC6BA93C}.Debug|Any CPU.ActiveCfg = Debug|Any CPU
		{DF54D759-C5FD-431F-A3C2-BD84FC6BA93C}.Debug|Any CPU.Build.0 = Debug|Any CPU
		{DF54D759-C5FD-431F-A3C2-BD84FC6BA93C}.Release|Any CPU.ActiveCfg = Release|Any CPU
		{DF54D759-C5FD-431F-A3C2-BD84FC6BA93C}.Release|Any CPU.Build.0 = Release|Any CPU
		{AFFB8406-5D09-4D94-A234-464BE8120FB4}.Debug|Any CPU.ActiveCfg = Debug|Any CPU
		{AFFB8406-5D09-4D94-A234-464BE8120FB4}.Debug|Any CPU.Build.0 = Debug|Any CPU
		{AFFB8406-5D09-4D94-A234-464BE8120FB4}.Release|Any CPU.ActiveCfg = Release|Any CPU
		{AFFB8406-5D09-4D94-A234-464BE8120FB4}.Release|Any CPU.Build.0 = Release|Any CPU
	EndGlobalSection
	GlobalSection(SolutionProperties) = preSolution
		HideSolutionNode = FALSE
	EndGlobalSection
	GlobalSection(ExtensibilityGlobals) = postSolution
		SolutionGuid = {144ED164-6EC1-42FC-912C-EB9C920DB329}
	EndGlobalSection
EndGlobal
